
Microsoft Visual Studio Solution File, Format Version 12.00
# Visual Studio Version 16
VisualStudioVersion = 16.0.31313.79
MinimumVisualStudioVersion = 10.0.40219.1
Project("{FAE04EC0-301F-11D3-BF4B-00C04F79EFBC}") = "WebFormsApp", "WebFormsApp\WebFormsApp.csproj", "{8BCBD564-429A-4B63-98FD-5172951BD213}"
EndProject
Project("{F184B08F-C81C-45F6-A57F-5ABD9991F28F}") = "MVC", "MVC\MVC.vbproj", "{C90E47ED-353A-4F57-83B3-5F88D00BEB55}"
EndProject
Project("{FAE04EC0-301F-11D3-BF4B-00C04F79EFBC}") = "WebPagesRazor", "WebPagesRazor\WebPagesRazor.csproj", "{9BEF5224-7823-4A29-A797-679F6D47109A}"
EndProject
Global
	GlobalSection(SolutionConfigurationPlatforms) = preSolution
		Debug|Any CPU = Debug|Any CPU
		Release|Any CPU = Release|Any CPU
	EndGlobalSection
	GlobalSection(ProjectConfigurationPlatforms) = postSolution
		{8BCBD564-429A-4B63-98FD-5172951BD213}.Debug|Any CPU.ActiveCfg = Debug|Any CPU
		{8BCBD564-429A-4B63-98FD-5172951BD213}.Debug|Any CPU.Build.0 = Debug|Any CPU
		{8BCBD564-429A-4B63-98FD-5172951BD213}.Release|Any CPU.ActiveCfg = Release|Any CPU
		{8BCBD564-429A-4B63-98FD-5172951BD213}.Release|Any CPU.Build.0 = Release|Any CPU
		{C90E47ED-353A-4F57-83B3-5F88D00BEB55}.Debug|Any CPU.ActiveCfg = Debug|Any CPU
		{C90E47ED-353A-4F57-83B3-5F88D00BEB55}.Debug|Any CPU.Build.0 = Debug|Any CPU
		{C90E47ED-353A-4F57-83B3-5F88D00BEB55}.Release|Any CPU.ActiveCfg = Release|Any CPU
		{C90E47ED-353A-4F57-83B3-5F88D00BEB55}.Release|Any CPU.Build.0 = Release|Any CPU
		{9BEF5224-7823-4A29-A797-679F6D47109A}.Debug|Any CPU.ActiveCfg = Debug|Any CPU
		{9BEF5224-7823-4A29-A797-679F6D47109A}.Debug|Any CPU.Build.0 = Debug|Any CPU
		{9BEF5224-7823-4A29-A797-679F6D47109A}.Release|Any CPU.ActiveCfg = Release|Any CPU
		{9BEF5224-7823-4A29-A797-679F6D47109A}.Release|Any CPU.Build.0 = Release|Any CPU
	EndGlobalSection
	GlobalSection(SolutionProperties) = preSolution
		HideSolutionNode = FALSE
	EndGlobalSection
	GlobalSection(ExtensibilityGlobals) = postSolution
		SolutionGuid = {BFCD0746-5CA6-4A52-A7F8-DE226C5F3C6E}
	EndGlobalSection
EndGlobal
